// !$*UTF8*$!
{
	archiveVersion = 1;
	classes = {
	};
	objectVersion = 50;
	objects = {

/* Begin PBXBuildFile section */
		AD3BEE3921950B12006B3B02 /* AppDelegate.swift in Sources */ = {isa = PBXBuildFile; fileRef = AD3BEE3821950B12006B3B02 /* AppDelegate.swift */; };
		AD3BEE3E21950B12006B3B02 /* Main.storyboard in Resources */ = {isa = PBXBuildFile; fileRef = AD3BEE3C21950B12006B3B02 /* Main.storyboard */; };
		AD3BEE4021950B14006B3B02 /* Assets.xcassets in Resources */ = {isa = PBXBuildFile; fileRef = AD3BEE3F21950B14006B3B02 /* Assets.xcassets */; };
		AD3BEE4321950B14006B3B02 /* LaunchScreen.storyboard in Resources */ = {isa = PBXBuildFile; fileRef = AD3BEE4121950B14006B3B02 /* LaunchScreen.storyboard */; };
		ADE5CD992195149900D3C79C /* TableViewCell.swift in Sources */ = {isa = PBXBuildFile; fileRef = ADE5CD982195149900D3C79C /* TableViewCell.swift */; };
		ADECF0D32195108600BF9C3B /* TableViewController.swift in Sources */ = {isa = PBXBuildFile; fileRef = ADECF0D22195108600BF9C3B /* TableViewController.swift */; };
		F3C5BBF7808916BF9FA697E2 /* Pods_temp2.framework in Frameworks */ = {isa = PBXBuildFile; fileRef = 3B7CE37FFF61525E590C981F /* Pods_temp2.framework */; };
/* End PBXBuildFile section */

/* Begin PBXFileReference section */
		3B7CE37FFF61525E590C981F /* Pods_temp2.framework */ = {isa = PBXFileReference; explicitFileType = wrapper.framework; includeInIndex = 0; path = Pods_temp2.framework; sourceTree = BUILT_PRODUCTS_DIR; };
		8B9D48411F7DD57B786A7035 /* Pods-temp2.release.xcconfig */ = {isa = PBXFileReference; includeInIndex = 1; lastKnownFileType = text.xcconfig; name = "Pods-temp2.release.xcconfig"; path = "Pods/Target Support Files/Pods-temp2/Pods-temp2.release.xcconfig"; sourceTree = "<group>"; };
		8E9B60888D296F75DA9F4DAF /* Pods-temp2.debug.xcconfig */ = {isa = PBXFileReference; includeInIndex = 1; lastKnownFileType = text.xcconfig; name = "Pods-temp2.debug.xcconfig"; path = "Pods/Target Support Files/Pods-temp2/Pods-temp2.debug.xcconfig"; sourceTree = "<group>"; };
		AD3BEE3521950B12006B3B02 /* temp2.app */ = {isa = PBXFileReference; explicitFileType = wrapper.application; includeInIndex = 0; path = temp2.app; sourceTree = BUILT_PRODUCTS_DIR; };
		AD3BEE3821950B12006B3B02 /* AppDelegate.swift */ = {isa = PBXFileReference; lastKnownFileType = sourcecode.swift; path = AppDelegate.swift; sourceTree = "<group>"; };
		AD3BEE3D21950B12006B3B02 /* Base */ = {isa = PBXFileReference; lastKnownFileType = file.storyboard; name = Base; path = Base.lproj/Main.storyboard; sourceTree = "<group>"; };
		AD3BEE3F21950B14006B3B02 /* Assets.xcassets */ = {isa = PBXFileReference; lastKnownFileType = folder.assetcatalog; path = Assets.xcassets; sourceTree = "<group>"; };
		AD3BEE4221950B14006B3B02 /* Base */ = {isa = PBXFileReference; lastKnownFileType = file.storyboard; name = Base; path = Base.lproj/LaunchScreen.storyboard; sourceTree = "<group>"; };
		AD3BEE4421950B14006B3B02 /* Info.plist */ = {isa = PBXFileReference; lastKnownFileType = text.plist.xml; path = Info.plist; sourceTree = "<group>"; };
		ADE5CD982195149900D3C79C /* TableViewCell.swift */ = {isa = PBXFileReference; lastKnownFileType = sourcecode.swift; path = TableViewCell.swift; sourceTree = "<group>"; };
		ADECF0D22195108600BF9C3B /* TableViewController.swift */ = {isa = PBXFileReference; lastKnownFileType = sourcecode.swift; path = TableViewController.swift; sourceTree = "<group>"; };
/* End PBXFileReference section */

/* Begin PBXFrameworksBuildPhase section */
		AD3BEE3221950B12006B3B02 /* Frameworks */ = {
			isa = PBXFrameworksBuildPhase;
			buildActionMask = 2147483647;
			files = (
				F3C5BBF7808916BF9FA697E2 /* Pods_temp2.framework in Frameworks */,
			);
			runOnlyForDeploymentPostprocessing = 0;
		};
/* End PBXFrameworksBuildPhase section */

/* Begin PBXGroup section */
		14A3A3BB4CAAA29550DC1549 /* Frameworks */ = {
			isa = PBXGroup;
			children = (
				3B7CE37FFF61525E590C981F /* Pods_temp2.framework */,
			);
			name = Frameworks;
			sourceTree = "<group>";
		};
		713F16984DA882FAB8008151 /* Pods */ = {
			isa = PBXGroup;
			children = (
				8E9B60888D296F75DA9F4DAF /* Pods-temp2.debug.xcconfig */,
				8B9D48411F7DD57B786A7035 /* Pods-temp2.release.xcconfig */,
			);
			name = Pods;
			sourceTree = "<group>";
		};
		AD3BEE2C21950B11006B3B02 = {
			isa = PBXGroup;
			children = (
				AD3BEE3721950B12006B3B02 /* temp2 */,
				AD3BEE3621950B12006B3B02 /* Products */,
				713F16984DA882FAB8008151 /* Pods */,
				14A3A3BB4CAAA29550DC1549 /* Frameworks */,
			);
			sourceTree = "<group>";
		};
		AD3BEE3621950B12006B3B02 /* Products */ = {
			isa = PBXGroup;
			children = (
				AD3BEE3521950B12006B3B02 /* temp2.app */,
			);
			name = Products;
			sourceTree = "<group>";
		};
		AD3BEE3721950B12006B3B02 /* temp2 */ = {
			isa = PBXGroup;
			children = (
				AD3BEE3821950B12006B3B02 /* AppDelegate.swift */,
				AD3BEE3C21950B12006B3B02 /* Main.storyboard */,
				AD3BEE3F21950B14006B3B02 /* Assets.xcassets */,
				AD3BEE4121950B14006B3B02 /* LaunchScreen.storyboard */,
				AD3BEE4421950B14006B3B02 /* Info.plist */,
				ADECF0D22195108600BF9C3B /* TableViewController.swift */,
				ADE5CD982195149900D3C79C /* TableViewCell.swift */,
			);
			path = temp2;
			sourceTree = "<group>";
		};
/* End PBXGroup section */

/* Begin PBXNativeTarget section */
		AD3BEE3421950B12006B3B02 /* temp2 */ = {
			isa = PBXNativeTarget;
			buildConfigurationList = AD3BEE4721950B14006B3B02 /* Build configuration list for PBXNativeTarget "temp2" */;
			buildPhases = (
				85114C227902D3B97886A881 /* [CP] Check Pods Manifest.lock */,
				AD3BEE3121950B12006B3B02 /* Sources */,
				AD3BEE3221950B12006B3B02 /* Frameworks */,
				AD3BEE3321950B12006B3B02 /* Resources */,
				E6392640C37499BA75049AA8 /* [CP] Embed Pods Frameworks */,
			);
			buildRules = (
			);
			dependencies = (
			);
			name = temp2;
			productName = temp2;
			productReference = AD3BEE3521950B12006B3B02 /* temp2.app */;
			productType = "com.apple.product-type.application";
		};
/* End PBXNativeTarget section */

/* Begin PBXProject section */
		AD3BEE2D21950B12006B3B02 /* Project object */ = {
			isa = PBXProject;
			attributes = {
				LastSwiftUpdateCheck = 1010;
				LastUpgradeCheck = 1010;
				ORGANIZATIONNAME = "성용강";
				TargetAttributes = {
					AD3BEE3421950B12006B3B02 = {
						CreatedOnToolsVersion = 10.1;
					};
				};
			};
			buildConfigurationList = AD3BEE3021950B12006B3B02 /* Build configuration list for PBXProject "temp2" */;
			compatibilityVersion = "Xcode 9.3";
			developmentRegion = en;
			hasScannedForEncodings = 0;
			knownRegions = (
				en,
				Base,
			);
			mainGroup = AD3BEE2C21950B11006B3B02;
			productRefGroup = AD3BEE3621950B12006B3B02 /* Products */;
			projectDirPath = "";
			projectRoot = "";
			targets = (
				AD3BEE3421950B12006B3B02 /* temp2 */,
			);
		};
/* End PBXProject section */

/* Begin PBXResourcesBuildPhase section */
		AD3BEE3321950B12006B3B02 /* Resources */ = {
			isa = PBXResourcesBuildPhase;
			buildActionMask = 2147483647;
			files = (
				AD3BEE4321950B14006B3B02 /* LaunchScreen.storyboard in Resources */,
				AD3BEE4021950B14006B3B02 /* Assets.xcassets in Resources */,
				AD3BEE3E21950B12006B3B02 /* Main.storyboard in Resources */,
			);
			runOnlyForDeploymentPostprocessing = 0;
		};
/* End PBXResourcesBuildPhase section */

/* Begin PBXShellScriptBuildPhase section */
		85114C227902D3B97886A881 /* [CP] Check Pods Manifest.lock */ = {
			isa = PBXShellScriptBuildPhase;
			buildActionMask = 2147483647;
			files = (
			);
			inputPaths = (
				"${PODS_PODFILE_DIR_PATH}/Podfile.lock",
				"${PODS_ROOT}/Manifest.lock",
			);
			name = "[CP] Check Pods Manifest.lock";
			outputPaths = (
				"$(DERIVED_FILE_DIR)/Pods-temp2-checkManifestLockResult.txt",
			);
			runOnlyForDeploymentPostprocessing = 0;
			shellPath = /bin/sh;
			shellScript = "diff \"${PODS_PODFILE_DIR_PATH}/Podfile.lock\" \"${PODS_ROOT}/Manifest.lock\" > /dev/null\nif [ $? != 0 ] ; then\n    # print error to STDERR\n    echo \"error: The sandbox is not in sync with the Podfile.lock. Run 'pod install' or update your CocoaPods installation.\" >&2\n    exit 1\nfi\n# This output is used by Xcode 'outputs' to avoid re-running this script phase.\necho \"SUCCESS\" > \"${SCRIPT_OUTPUT_FILE_0}\"\n";
			showEnvVarsInLog = 0;
		};
		E6392640C37499BA75049AA8 /* [CP] Embed Pods Frameworks */ = {
			isa = PBXShellScriptBuildPhase;
			buildActionMask = 2147483647;
			files = (
			);
			inputPaths = (
				"${SRCROOT}/Pods/Target Support Files/Pods-temp2/Pods-temp2-frameworks.sh",
				"${BUILT_PRODUCTS_DIR}/SnapKit/SnapKit.framework",
			);
			name = "[CP] Embed Pods Frameworks";
			outputPaths = (
				"${TARGET_BUILD_DIR}/${FRAMEWORKS_FOLDER_PATH}/SnapKit.framework",
			);
			runOnlyForDeploymentPostprocessing = 0;
			shellPath = /bin/sh;
			shellScript = "\"${SRCROOT}/Pods/Target Support Files/Pods-temp2/Pods-temp2-frameworks.sh\"\n";
			showEnvVarsInLog = 0;
		};
/* End PBXShellScriptBuildPhase section */

/* Begin PBXSourcesBuildPhase section */
		AD3BEE3121950B12006B3B02 /* Sources */ = {
			isa = PBXSourcesBuildPhase;
			buildActionMask = 2147483647;
			files = (
				ADE5CD992195149900D3C79C /* TableViewCell.swift in Sources */,
				AD3BEE3921950B12006B3B02 /* AppDelegate.swift in Sources */,
				ADECF0D32195108600BF9C3B /* TableViewController.swift in Sources */,
			);
			runOnlyForDeploymentPostprocessing = 0;
		};
/* End PBXSourcesBuildPhase section */

/* Begin PBXVariantGroup section */
		AD3BEE3C21950B12006B3B02 /* Main.storyboard */ = {
			isa = PBXVariantGroup;
			children = (
				AD3BEE3D21950B12006B3B02 /* Base */,
			);
			name = Main.storyboard;
			sourceTree = "<group>";
		};
		AD3BEE4121950B14006B3B02 /* LaunchScreen.storyboard */ = {
			isa = PBXVariantGroup;
			children = (
				AD3BEE4221950B14006B3B02 /* Base */,
			);
			name = LaunchScreen.storyboard;
			sourceTree = "<group>";
		};
/* End PBXVariantGroup section */

/* Begin XCBuildConfiguration section */
		AD3BEE4521950B14006B3B02 /* Debug */ = {
			isa = XCBuildConfiguration;
			buildSettings = {
				ALWAYS_SEARCH_USER_PATHS = NO;
				CLANG_ANALYZER_NONNULL = YES;
				CLANG_ANALYZER_NUMBER_OBJECT_CONVERSION = YES_AGGRESSIVE;
				CLANG_CXX_LANGUAGE_STANDARD = "gnu++14";
				CLANG_CXX_LIBRARY = "libc++";
				CLANG_ENABLE_MODULES = YES;
				CLANG_ENABLE_OBJC_ARC = YES;
				CLANG_ENABLE_OBJC_WEAK = YES;
				CLANG_WARN_BLOCK_CAPTURE_AUTORELEASING = YES;
				CLANG_WARN_BOOL_CONVERSION = YES;
				CLANG_WARN_COMMA = YES;
				CLANG_WARN_CONSTANT_CONVERSION = YES;
				CLANG_WARN_DEPRECATED_OBJC_IMPLEMENTATIONS = YES;
				CLANG_WARN_DIRECT_OBJC_ISA_USAGE = YES_ERROR;
				CLANG_WARN_DOCUMENTATION_COMMENTS = YES;
				CLANG_WARN_EMPTY_BODY = YES;
				CLANG_WARN_ENUM_CONVERSION = YES;
				CLANG_WARN_INFINITE_RECURSION = YES;
				CLANG_WARN_INT_CONVERSION = YES;
				CLANG_WARN_NON_LITERAL_NULL_CONVERSION = YES;
				CLANG_WARN_OBJC_IMPLICIT_RETAIN_SELF = YES;
				CLANG_WARN_OBJC_LITERAL_CONVERSION = YES;
				CLANG_WARN_OBJC_ROOT_CLASS = YES_ERROR;
				CLANG_WARN_RANGE_LOOP_ANALYSIS = YES;
				CLANG_WARN_STRICT_PROTOTYPES = YES;
				CLANG_WARN_SUSPICIOUS_MOVE = YES;
				CLANG_WARN_UNGUARDED_AVAILABILITY = YES_AGGRESSIVE;
				CLANG_WARN_UNREACHABLE_CODE = YES;
				CLANG_WARN__DUPLICATE_METHOD_MATCH = YES;
				CODE_SIGN_IDENTITY = "iPhone Developer";
				COPY_PHASE_STRIP = NO;
				DEBUG_INFORMATION_FORMAT = dwarf;
				ENABLE_STRICT_OBJC_MSGSEND = YES;
				ENABLE_TESTABILITY = YES;
				GCC_C_LANGUAGE_STANDARD = gnu11;
				GCC_DYNAMIC_NO_PIC = NO;
				GCC_NO_COMMON_BLOCKS = YES;
				GCC_OPTIMIZATION_LEVEL = 0;
				GCC_PREPROCESSOR_DEFINITIONS = (
					"DEBUG=1",
					"$(inherited)",
				);
				GCC_WARN_64_TO_32_BIT_CONVERSION = YES;
				GCC_WARN_ABOUT_RETURN_TYPE = YES_ERROR;
				GCC_WARN_UNDECLARED_SELECTOR = YES;
				GCC_WARN_UNINITIALIZED_AUTOS = YES_AGGRESSIVE;
				GCC_WARN_UNUSED_FUNCTION = YES;
				GCC_WARN_UNUSED_VARIABLE = YES;
				IPHONEOS_DEPLOYMENT_TARGET = 12.1;
				MTL_ENABLE_DEBUG_INFO = INCLUDE_SOURCE;
				MTL_FAST_MATH = YES;
				ONLY_ACTIVE_ARCH = YES;
				SDKROOT = iphoneos;
				SWIFT_ACTIVE_COMPILATION_CONDITIONS = DEBUG;
				SWIFT_OPTIMIZATION_LEVEL = "-Onone";
			};
			name = Debug;
		};
		AD3BEE4621950B14006B3B02 /* Release */ = {
			isa = XCBuildConfiguration;
			buildSettings = {
				ALWAYS_SEARCH_USER_PATHS = NO;
				CLANG_ANALYZER_NONNULL = YES;
				CLANG_ANALYZER_NUMBER_OBJECT_CONVERSION = YES_AGGRESSIVE;
				CLANG_CXX_LANGUAGE_STANDARD = "gnu++14";
				CLANG_CXX_LIBRARY = "libc++";
				CLANG_ENABLE_MODULES = YES;
				CLANG_ENABLE_OBJC_ARC = YES;
				CLANG_ENABLE_OBJC_WEAK = YES;
				CLANG_WARN_BLOCK_CAPTURE_AUTORELEASING = YES;
				CLANG_WARN_BOOL_CONVERSION = YES;
				CLANG_WARN_COMMA = YES;
				CLANG_WARN_CONSTANT_CONVERSION = YES;
				CLANG_WARN_DEPRECATED_OBJC_IMPLEMENTATIONS = YES;
				CLANG_WARN_DIRECT_OBJC_ISA_USAGE = YES_ERROR;
				CLANG_WARN_DOCUMENTATION_COMMENTS = YES;
				CLANG_WARN_EMPTY_BODY = YES;
				CLANG_WARN_ENUM_CONVERSION = YES;
				CLANG_WARN_INFINITE_RECURSION = YES;
				CLANG_WARN_INT_CONVERSION = YES;
				CLANG_WARN_NON_LITERAL_NULL_CONVERSION = YES;
				CLANG_WARN_OBJC_IMPLICIT_RETAIN_SELF = YES;
				CLANG_WARN_OBJC_LITERAL_CONVERSION = YES;
				CLANG_WARN_OBJC_ROOT_CLASS = YES_ERROR;
				CLANG_WARN_RANGE_LOOP_ANALYSIS = YES;
				CLANG_WARN_STRICT_PROTOTYPES = YES;
				CLANG_WARN_SUSPICIOUS_MOVE = YES;
				CLANG_WARN_UNGUARDED_AVAILABILITY = YES_AGGRESSIVE;
				CLANG_WARN_UNREACHABLE_CODE = YES;
				CLANG_WARN__DUPLICATE_METHOD_MATCH = YES;
				CODE_SIGN_IDENTITY = "iPhone Developer";
				COPY_PHASE_STRIP = NO;
				DEBUG_INFORMATION_FORMAT = "dwarf-with-dsym";
				ENABLE_NS_ASSERTIONS = NO;
				ENABLE_STRICT_OBJC_MSGSEND = YES;
				GCC_C_LANGUAGE_STANDARD = gnu11;
				GCC_NO_COMMON_BLOCKS = YES;
				GCC_WARN_64_TO_32_BIT_CONVERSION = YES;
				GCC_WARN_ABOUT_RETURN_TYPE = YES_ERROR;
				GCC_WARN_UNDECLARED_SELECTOR = YES;
				GCC_WARN_UNINITIALIZED_AUTOS = YES_AGGRESSIVE;
				GCC_WARN_UNUSED_FUNCTION = YES;
				GCC_WARN_UNUSED_VARIABLE = YES;
				IPHONEOS_DEPLOYMENT_TARGET = 12.1;
				MTL_ENABLE_DEBUG_INFO = NO;
				MTL_FAST_MATH = YES;
				SDKROOT = iphoneos;
				SWIFT_COMPILATION_MODE = wholemodule;
				SWIFT_OPTIMIZATION_LEVEL = "-O";
				VALIDATE_PRODUCT = YES;
			};
			name = Release;
		};
		AD3BEE4821950B14006B3B02 /* Debug */ = {
			isa = XCBuildConfiguration;
			baseConfigurationReference = 8E9B60888D296F75DA9F4DAF /* Pods-temp2.debug.xcconfig */;
			buildSettings = {
				ASSETCATALOG_COMPILER_APPICON_NAME = AppIcon;
				CODE_SIGN_STYLE = Automatic;
				DEVELOPMENT_TEAM = U6L6476C2Z;
				INFOPLIST_FILE = temp2/Info.plist;
				LD_RUNPATH_SEARCH_PATHS = (
					"$(inherited)",
					"@executable_path/Frameworks",
				);
				PRODUCT_BUNDLE_IDENTIFIER = adasdsadasdasd.temp2;
				PRODUCT_NAME = "$(TARGET_NAME)";
				SWIFT_VERSION = 4.2;
				TARGETED_DEVICE_FAMILY = "1,2";
			};
			name = Debug;
		};
		AD3BEE4921950B14006B3B02 /* Release */ = {
			isa = XCBuildConfiguration;
			baseConfigurationReference = 8B9D48411F7DD57B786A7035 /* Pods-temp2.release.xcconfig */;
			buildSettings = {
				ASSETCATALOG_COMPILER_APPICON_NAME = AppIcon;
				CODE_SIGN_STYLE = Automatic;
				DEVELOPMENT_TEAM = U6L6476C2Z;
				INFOPLIST_FILE = temp2/Info.plist;
				LD_RUNPATH_SEARCH_PATHS = (
					"$(inherited)",
					"@executable_path/Frameworks",
				);
				PRODUCT_BUNDLE_IDENTIFIER = adasdsadasdasd.temp2;
				PRODUCT_NAME = "$(TARGET_NAME)";
				SWIFT_VERSION = 4.2;
				TARGETED_DEVICE_FAMILY = "1,2";
			};
			name = Release;
		};
/* End XCBuildConfiguration section */

/* Begin XCConfigurationList section */
		AD3BEE3021950B12006B3B02 /* Build configuration list for PBXProject "temp2" */ = {
			isa = XCConfigurationList;
			buildConfigurations = (
				AD3BEE4521950B14006B3B02 /* Debug */,
				AD3BEE4621950B14006B3B02 /* Release */,
			);
			defaultConfigurationIsVisible = 0;
			defaultConfigurationName = Release;
		};
		AD3BEE4721950B14006B3B02 /* Build configuration list for PBXNativeTarget "temp2" */ = {
			isa = XCConfigurationList;
			buildConfigurations = (
				AD3BEE4821950B14006B3B02 /* Debug */,
				AD3BEE4921950B14006B3B02 /* Release */,
			);
			defaultConfigurationIsVisible = 0;
			defaultConfigurationName = Release;
		};
/* End XCConfigurationList section */
	};
	rootObject = AD3BEE2D21950B12006B3B02 /* Project object */;
}
