// !$*UTF8*$!
{
	archiveVersion = 1;
	classes = {
	};
	objectVersion = 50;
	objects = {

/* Begin PBXBuildFile section */
		304C4DE9FF3435596B15AAB5 /* Pods_StretchHeaderController.framework in Frameworks */ = {isa = PBXBuildFile; fileRef = D0EAB38A76709675B6E5A10B /* Pods_StretchHeaderController.framework */; };
		ADA7DFEF21FDCA2200FCF517 /* AppDelegate.swift in Sources */ = {isa = PBXBuildFile; fileRef = ADA7DFEE21FDCA2200FCF517 /* AppDelegate.swift */; };
		ADA7DFF121FDCA2200FCF517 /* ViewController.swift in Sources */ = {isa = PBXBuildFile; fileRef = ADA7DFF021FDCA2200FCF517 /* ViewController.swift */; };
		ADA7DFF421FDCA2200FCF517 /* Main.storyboard in Resources */ = {isa = PBXBuildFile; fileRef = ADA7DFF221FDCA2200FCF517 /* Main.storyboard */; };
		ADA7DFF621FDCA2300FCF517 /* Assets.xcassets in Resources */ = {isa = PBXBuildFile; fileRef = ADA7DFF521FDCA2300FCF517 /* Assets.xcassets */; };
		ADA7DFF921FDCA2300FCF517 /* LaunchScreen.storyboard in Resources */ = {isa = PBXBuildFile; fileRef = ADA7DFF721FDCA2300FCF517 /* LaunchScreen.storyboard */; };
		ADA7E00121FDCA3200FCF517 /* StretchHeaderController.swift in Sources */ = {isa = PBXBuildFile; fileRef = ADA7E00021FDCA3200FCF517 /* StretchHeaderController.swift */; };
		ADA7E00321FDCC0100FCF517 /* HeaderView.swift in Sources */ = {isa = PBXBuildFile; fileRef = ADA7E00221FDCC0100FCF517 /* HeaderView.swift */; };
		ADA7E00621FDD4E300FCF517 /* StretchyHeaderLayout.swift in Sources */ = {isa = PBXBuildFile; fileRef = ADA7E00521FDD4E300FCF517 /* StretchyHeaderLayout.swift */; };
/* End PBXBuildFile section */

/* Begin PBXFileReference section */
		ADA7DFEB21FDCA2200FCF517 /* StretchHeaderController.app */ = {isa = PBXFileReference; explicitFileType = wrapper.application; includeInIndex = 0; path = StretchHeaderController.app; sourceTree = BUILT_PRODUCTS_DIR; };
		ADA7DFEE21FDCA2200FCF517 /* AppDelegate.swift */ = {isa = PBXFileReference; lastKnownFileType = sourcecode.swift; path = AppDelegate.swift; sourceTree = "<group>"; };
		ADA7DFF021FDCA2200FCF517 /* ViewController.swift */ = {isa = PBXFileReference; lastKnownFileType = sourcecode.swift; path = ViewController.swift; sourceTree = "<group>"; };
		ADA7DFF321FDCA2200FCF517 /* Base */ = {isa = PBXFileReference; lastKnownFileType = file.storyboard; name = Base; path = Base.lproj/Main.storyboard; sourceTree = "<group>"; };
		ADA7DFF521FDCA2300FCF517 /* Assets.xcassets */ = {isa = PBXFileReference; lastKnownFileType = folder.assetcatalog; path = Assets.xcassets; sourceTree = "<group>"; };
		ADA7DFF821FDCA2300FCF517 /* Base */ = {isa = PBXFileReference; lastKnownFileType = file.storyboard; name = Base; path = Base.lproj/LaunchScreen.storyboard; sourceTree = "<group>"; };
		ADA7DFFA21FDCA2300FCF517 /* Info.plist */ = {isa = PBXFileReference; lastKnownFileType = text.plist.xml; path = Info.plist; sourceTree = "<group>"; };
		ADA7E00021FDCA3200FCF517 /* StretchHeaderController.swift */ = {isa = PBXFileReference; lastKnownFileType = sourcecode.swift; path = StretchHeaderController.swift; sourceTree = "<group>"; };
		ADA7E00221FDCC0100FCF517 /* HeaderView.swift */ = {isa = PBXFileReference; lastKnownFileType = sourcecode.swift; path = HeaderView.swift; sourceTree = "<group>"; };
		ADA7E00521FDD4E300FCF517 /* StretchyHeaderLayout.swift */ = {isa = PBXFileReference; lastKnownFileType = sourcecode.swift; path = StretchyHeaderLayout.swift; sourceTree = "<group>"; };
		B25589325C09F7FE06F8A258 /* Pods-StretchHeaderController.release.xcconfig */ = {isa = PBXFileReference; includeInIndex = 1; lastKnownFileType = text.xcconfig; name = "Pods-StretchHeaderController.release.xcconfig"; path = "Pods/Target Support Files/Pods-StretchHeaderController/Pods-StretchHeaderController.release.xcconfig"; sourceTree = "<group>"; };
		C83DFBAD144B134E0215DA30 /* Pods-StretchHeaderController.debug.xcconfig */ = {isa = PBXFileReference; includeInIndex = 1; lastKnownFileType = text.xcconfig; name = "Pods-StretchHeaderController.debug.xcconfig"; path = "Pods/Target Support Files/Pods-StretchHeaderController/Pods-StretchHeaderController.debug.xcconfig"; sourceTree = "<group>"; };
		D0EAB38A76709675B6E5A10B /* Pods_StretchHeaderController.framework */ = {isa = PBXFileReference; explicitFileType = wrapper.framework; includeInIndex = 0; path = Pods_StretchHeaderController.framework; sourceTree = BUILT_PRODUCTS_DIR; };
/* End PBXFileReference section */

/* Begin PBXFrameworksBuildPhase section */
		ADA7DFE821FDCA2200FCF517 /* Frameworks */ = {
			isa = PBXFrameworksBuildPhase;
			buildActionMask = 2147483647;
			files = (
				304C4DE9FF3435596B15AAB5 /* Pods_StretchHeaderController.framework in Frameworks */,
			);
			runOnlyForDeploymentPostprocessing = 0;
		};
/* End PBXFrameworksBuildPhase section */

/* Begin PBXGroup section */
		261222EDA433CC447B103FCF /* Frameworks */ = {
			isa = PBXGroup;
			children = (
				D0EAB38A76709675B6E5A10B /* Pods_StretchHeaderController.framework */,
			);
			name = Frameworks;
			sourceTree = "<group>";
		};
		29B813BD23FF45E57AA7CAD2 /* Pods */ = {
			isa = PBXGroup;
			children = (
				C83DFBAD144B134E0215DA30 /* Pods-StretchHeaderController.debug.xcconfig */,
				B25589325C09F7FE06F8A258 /* Pods-StretchHeaderController.release.xcconfig */,
			);
			name = Pods;
			sourceTree = "<group>";
		};
		ADA7DFE221FDCA2200FCF517 = {
			isa = PBXGroup;
			children = (
				ADA7DFED21FDCA2200FCF517 /* StretchHeaderController */,
				ADA7DFEC21FDCA2200FCF517 /* Products */,
				29B813BD23FF45E57AA7CAD2 /* Pods */,
				261222EDA433CC447B103FCF /* Frameworks */,
			);
			sourceTree = "<group>";
		};
		ADA7DFEC21FDCA2200FCF517 /* Products */ = {
			isa = PBXGroup;
			children = (
				ADA7DFEB21FDCA2200FCF517 /* StretchHeaderController.app */,
			);
			name = Products;
			sourceTree = "<group>";
		};
		ADA7DFED21FDCA2200FCF517 /* StretchHeaderController */ = {
			isa = PBXGroup;
			children = (
				ADA7E00421FDD4CD00FCF517 /* Custom */,
				ADA7DFEE21FDCA2200FCF517 /* AppDelegate.swift */,
				ADA7DFF021FDCA2200FCF517 /* ViewController.swift */,
				ADA7DFF221FDCA2200FCF517 /* Main.storyboard */,
				ADA7DFF521FDCA2300FCF517 /* Assets.xcassets */,
				ADA7DFF721FDCA2300FCF517 /* LaunchScreen.storyboard */,
				ADA7DFFA21FDCA2300FCF517 /* Info.plist */,
				ADA7E00021FDCA3200FCF517 /* StretchHeaderController.swift */,
				ADA7E00221FDCC0100FCF517 /* HeaderView.swift */,
			);
			path = StretchHeaderController;
			sourceTree = "<group>";
		};
		ADA7E00421FDD4CD00FCF517 /* Custom */ = {
			isa = PBXGroup;
			children = (
				ADA7E00521FDD4E300FCF517 /* StretchyHeaderLayout.swift */,
			);
			path = Custom;
			sourceTree = "<group>";
		};
/* End PBXGroup section */

/* Begin PBXNativeTarget section */
		ADA7DFEA21FDCA2200FCF517 /* StretchHeaderController */ = {
			isa = PBXNativeTarget;
			buildConfigurationList = ADA7DFFD21FDCA2300FCF517 /* Build configuration list for PBXNativeTarget "StretchHeaderController" */;
			buildPhases = (
				47C29DA046DF9786AD20E25B /* [CP] Check Pods Manifest.lock */,
				ADA7DFE721FDCA2200FCF517 /* Sources */,
				ADA7DFE821FDCA2200FCF517 /* Frameworks */,
				ADA7DFE921FDCA2200FCF517 /* Resources */,
				89779B30A8C7F8325B511F35 /* [CP] Embed Pods Frameworks */,
			);
			buildRules = (
			);
			dependencies = (
			);
			name = StretchHeaderController;
			productName = StretchHeaderController;
			productReference = ADA7DFEB21FDCA2200FCF517 /* StretchHeaderController.app */;
			productType = "com.apple.product-type.application";
		};
/* End PBXNativeTarget section */

/* Begin PBXProject section */
		ADA7DFE321FDCA2200FCF517 /* Project object */ = {
			isa = PBXProject;
			attributes = {
				LastSwiftUpdateCheck = 1010;
				LastUpgradeCheck = 1010;
				ORGANIZATIONNAME = "성용강";
				TargetAttributes = {
					ADA7DFEA21FDCA2200FCF517 = {
						CreatedOnToolsVersion = 10.1;
					};
				};
			};
			buildConfigurationList = ADA7DFE621FDCA2200FCF517 /* Build configuration list for PBXProject "StretchHeaderController" */;
			compatibilityVersion = "Xcode 9.3";
			developmentRegion = en;
			hasScannedForEncodings = 0;
			knownRegions = (
				en,
				Base,
			);
			mainGroup = ADA7DFE221FDCA2200FCF517;
			productRefGroup = ADA7DFEC21FDCA2200FCF517 /* Products */;
			projectDirPath = "";
			projectRoot = "";
			targets = (
				ADA7DFEA21FDCA2200FCF517 /* StretchHeaderController */,
			);
		};
/* End PBXProject section */

/* Begin PBXResourcesBuildPhase section */
		ADA7DFE921FDCA2200FCF517 /* Resources */ = {
			isa = PBXResourcesBuildPhase;
			buildActionMask = 2147483647;
			files = (
				ADA7DFF921FDCA2300FCF517 /* LaunchScreen.storyboard in Resources */,
				ADA7DFF621FDCA2300FCF517 /* Assets.xcassets in Resources */,
				ADA7DFF421FDCA2200FCF517 /* Main.storyboard in Resources */,
			);
			runOnlyForDeploymentPostprocessing = 0;
		};
/* End PBXResourcesBuildPhase section */

/* Begin PBXShellScriptBuildPhase section */
		47C29DA046DF9786AD20E25B /* [CP] Check Pods Manifest.lock */ = {
			isa = PBXShellScriptBuildPhase;
			buildActionMask = 2147483647;
			files = (
			);
			inputPaths = (
				"${PODS_PODFILE_DIR_PATH}/Podfile.lock",
				"${PODS_ROOT}/Manifest.lock",
			);
			name = "[CP] Check Pods Manifest.lock";
			outputPaths = (
				"$(DERIVED_FILE_DIR)/Pods-StretchHeaderController-checkManifestLockResult.txt",
			);
			runOnlyForDeploymentPostprocessing = 0;
			shellPath = /bin/sh;
			shellScript = "diff \"${PODS_PODFILE_DIR_PATH}/Podfile.lock\" \"${PODS_ROOT}/Manifest.lock\" > /dev/null\nif [ $? != 0 ] ; then\n    # print error to STDERR\n    echo \"error: The sandbox is not in sync with the Podfile.lock. Run 'pod install' or update your CocoaPods installation.\" >&2\n    exit 1\nfi\n# This output is used by Xcode 'outputs' to avoid re-running this script phase.\necho \"SUCCESS\" > \"${SCRIPT_OUTPUT_FILE_0}\"\n";
			showEnvVarsInLog = 0;
		};
		89779B30A8C7F8325B511F35 /* [CP] Embed Pods Frameworks */ = {
			isa = PBXShellScriptBuildPhase;
			buildActionMask = 2147483647;
			files = (
			);
			inputPaths = (
				"${SRCROOT}/Pods/Target Support Files/Pods-StretchHeaderController/Pods-StretchHeaderController-frameworks.sh",
				"${BUILT_PRODUCTS_DIR}/SnapKit/SnapKit.framework",
			);
			name = "[CP] Embed Pods Frameworks";
			outputPaths = (
				"${TARGET_BUILD_DIR}/${FRAMEWORKS_FOLDER_PATH}/SnapKit.framework",
			);
			runOnlyForDeploymentPostprocessing = 0;
			shellPath = /bin/sh;
			shellScript = "\"${SRCROOT}/Pods/Target Support Files/Pods-StretchHeaderController/Pods-StretchHeaderController-frameworks.sh\"\n";
			showEnvVarsInLog = 0;
		};
/* End PBXShellScriptBuildPhase section */

/* Begin PBXSourcesBuildPhase section */
		ADA7DFE721FDCA2200FCF517 /* Sources */ = {
			isa = PBXSourcesBuildPhase;
			buildActionMask = 2147483647;
			files = (
				ADA7DFF121FDCA2200FCF517 /* ViewController.swift in Sources */,
				ADA7E00121FDCA3200FCF517 /* StretchHeaderController.swift in Sources */,
				ADA7DFEF21FDCA2200FCF517 /* AppDelegate.swift in Sources */,
				ADA7E00621FDD4E300FCF517 /* StretchyHeaderLayout.swift in Sources */,
				ADA7E00321FDCC0100FCF517 /* HeaderView.swift in Sources */,
			);
			runOnlyForDeploymentPostprocessing = 0;
		};
/* End PBXSourcesBuildPhase section */

/* Begin PBXVariantGroup section */
		ADA7DFF221FDCA2200FCF517 /* Main.storyboard */ = {
			isa = PBXVariantGroup;
			children = (
				ADA7DFF321FDCA2200FCF517 /* Base */,
			);
			name = Main.storyboard;
			sourceTree = "<group>";
		};
		ADA7DFF721FDCA2300FCF517 /* LaunchScreen.storyboard */ = {
			isa = PBXVariantGroup;
			children = (
				ADA7DFF821FDCA2300FCF517 /* Base */,
			);
			name = LaunchScreen.storyboard;
			sourceTree = "<group>";
		};
/* End PBXVariantGroup section */

/* Begin XCBuildConfiguration section */
		ADA7DFFB21FDCA2300FCF517 /* Debug */ = {
			isa = XCBuildConfiguration;
			buildSettings = {
				ALWAYS_SEARCH_USER_PATHS = NO;
				CLANG_ANALYZER_NONNULL = YES;
				CLANG_ANALYZER_NUMBER_OBJECT_CONVERSION = YES_AGGRESSIVE;
				CLANG_CXX_LANGUAGE_STANDARD = "gnu++14";
				CLANG_CXX_LIBRARY = "libc++";
				CLANG_ENABLE_MODULES = YES;
				CLANG_ENABLE_OBJC_ARC = YES;
				CLANG_ENABLE_OBJC_WEAK = YES;
				CLANG_WARN_BLOCK_CAPTURE_AUTORELEASING = YES;
				CLANG_WARN_BOOL_CONVERSION = YES;
				CLANG_WARN_COMMA = YES;
				CLANG_WARN_CONSTANT_CONVERSION = YES;
				CLANG_WARN_DEPRECATED_OBJC_IMPLEMENTATIONS = YES;
				CLANG_WARN_DIRECT_OBJC_ISA_USAGE = YES_ERROR;
				CLANG_WARN_DOCUMENTATION_COMMENTS = YES;
				CLANG_WARN_EMPTY_BODY = YES;
				CLANG_WARN_ENUM_CONVERSION = YES;
				CLANG_WARN_INFINITE_RECURSION = YES;
				CLANG_WARN_INT_CONVERSION = YES;
				CLANG_WARN_NON_LITERAL_NULL_CONVERSION = YES;
				CLANG_WARN_OBJC_IMPLICIT_RETAIN_SELF = YES;
				CLANG_WARN_OBJC_LITERAL_CONVERSION = YES;
				CLANG_WARN_OBJC_ROOT_CLASS = YES_ERROR;
				CLANG_WARN_RANGE_LOOP_ANALYSIS = YES;
				CLANG_WARN_STRICT_PROTOTYPES = YES;
				CLANG_WARN_SUSPICIOUS_MOVE = YES;
				CLANG_WARN_UNGUARDED_AVAILABILITY = YES_AGGRESSIVE;
				CLANG_WARN_UNREACHABLE_CODE = YES;
				CLANG_WARN__DUPLICATE_METHOD_MATCH = YES;
				CODE_SIGN_IDENTITY = "iPhone Developer";
				COPY_PHASE_STRIP = NO;
				DEBUG_INFORMATION_FORMAT = dwarf;
				ENABLE_STRICT_OBJC_MSGSEND = YES;
				ENABLE_TESTABILITY = YES;
				GCC_C_LANGUAGE_STANDARD = gnu11;
				GCC_DYNAMIC_NO_PIC = NO;
				GCC_NO_COMMON_BLOCKS = YES;
				GCC_OPTIMIZATION_LEVEL = 0;
				GCC_PREPROCESSOR_DEFINITIONS = (
					"DEBUG=1",
					"$(inherited)",
				);
				GCC_WARN_64_TO_32_BIT_CONVERSION = YES;
				GCC_WARN_ABOUT_RETURN_TYPE = YES_ERROR;
				GCC_WARN_UNDECLARED_SELECTOR = YES;
				GCC_WARN_UNINITIALIZED_AUTOS = YES_AGGRESSIVE;
				GCC_WARN_UNUSED_FUNCTION = YES;
				GCC_WARN_UNUSED_VARIABLE = YES;
				IPHONEOS_DEPLOYMENT_TARGET = 12.1;
				MTL_ENABLE_DEBUG_INFO = INCLUDE_SOURCE;
				MTL_FAST_MATH = YES;
				ONLY_ACTIVE_ARCH = YES;
				SDKROOT = iphoneos;
				SWIFT_ACTIVE_COMPILATION_CONDITIONS = DEBUG;
				SWIFT_OPTIMIZATION_LEVEL = "-Onone";
			};
			name = Debug;
		};
		ADA7DFFC21FDCA2300FCF517 /* Release */ = {
			isa = XCBuildConfiguration;
			buildSettings = {
				ALWAYS_SEARCH_USER_PATHS = NO;
				CLANG_ANALYZER_NONNULL = YES;
				CLANG_ANALYZER_NUMBER_OBJECT_CONVERSION = YES_AGGRESSIVE;
				CLANG_CXX_LANGUAGE_STANDARD = "gnu++14";
				CLANG_CXX_LIBRARY = "libc++";
				CLANG_ENABLE_MODULES = YES;
				CLANG_ENABLE_OBJC_ARC = YES;
				CLANG_ENABLE_OBJC_WEAK = YES;
				CLANG_WARN_BLOCK_CAPTURE_AUTORELEASING = YES;
				CLANG_WARN_BOOL_CONVERSION = YES;
				CLANG_WARN_COMMA = YES;
				CLANG_WARN_CONSTANT_CONVERSION = YES;
				CLANG_WARN_DEPRECATED_OBJC_IMPLEMENTATIONS = YES;
				CLANG_WARN_DIRECT_OBJC_ISA_USAGE = YES_ERROR;
				CLANG_WARN_DOCUMENTATION_COMMENTS = YES;
				CLANG_WARN_EMPTY_BODY = YES;
				CLANG_WARN_ENUM_CONVERSION = YES;
				CLANG_WARN_INFINITE_RECURSION = YES;
				CLANG_WARN_INT_CONVERSION = YES;
				CLANG_WARN_NON_LITERAL_NULL_CONVERSION = YES;
				CLANG_WARN_OBJC_IMPLICIT_RETAIN_SELF = YES;
				CLANG_WARN_OBJC_LITERAL_CONVERSION = YES;
				CLANG_WARN_OBJC_ROOT_CLASS = YES_ERROR;
				CLANG_WARN_RANGE_LOOP_ANALYSIS = YES;
				CLANG_WARN_STRICT_PROTOTYPES = YES;
				CLANG_WARN_SUSPICIOUS_MOVE = YES;
				CLANG_WARN_UNGUARDED_AVAILABILITY = YES_AGGRESSIVE;
				CLANG_WARN_UNREACHABLE_CODE = YES;
				CLANG_WARN__DUPLICATE_METHOD_MATCH = YES;
				CODE_SIGN_IDENTITY = "iPhone Developer";
				COPY_PHASE_STRIP = NO;
				DEBUG_INFORMATION_FORMAT = "dwarf-with-dsym";
				ENABLE_NS_ASSERTIONS = NO;
				ENABLE_STRICT_OBJC_MSGSEND = YES;
				GCC_C_LANGUAGE_STANDARD = gnu11;
				GCC_NO_COMMON_BLOCKS = YES;
				GCC_WARN_64_TO_32_BIT_CONVERSION = YES;
				GCC_WARN_ABOUT_RETURN_TYPE = YES_ERROR;
				GCC_WARN_UNDECLARED_SELECTOR = YES;
				GCC_WARN_UNINITIALIZED_AUTOS = YES_AGGRESSIVE;
				GCC_WARN_UNUSED_FUNCTION = YES;
				GCC_WARN_UNUSED_VARIABLE = YES;
				IPHONEOS_DEPLOYMENT_TARGET = 12.1;
				MTL_ENABLE_DEBUG_INFO = NO;
				MTL_FAST_MATH = YES;
				SDKROOT = iphoneos;
				SWIFT_COMPILATION_MODE = wholemodule;
				SWIFT_OPTIMIZATION_LEVEL = "-O";
				VALIDATE_PRODUCT = YES;
			};
			name = Release;
		};
		ADA7DFFE21FDCA2300FCF517 /* Debug */ = {
			isa = XCBuildConfiguration;
			baseConfigurationReference = C83DFBAD144B134E0215DA30 /* Pods-StretchHeaderController.debug.xcconfig */;
			buildSettings = {
				ASSETCATALOG_COMPILER_APPICON_NAME = AppIcon;
				CODE_SIGN_STYLE = Automatic;
				DEVELOPMENT_TEAM = U6L6476C2Z;
				INFOPLIST_FILE = StretchHeaderController/Info.plist;
				LD_RUNPATH_SEARCH_PATHS = (
					"$(inherited)",
					"@executable_path/Frameworks",
				);
				PRODUCT_BUNDLE_IDENTIFIER = adasdsadasdasd.StretchHeaderController;
				PRODUCT_NAME = "$(TARGET_NAME)";
				SWIFT_VERSION = 4.2;
				TARGETED_DEVICE_FAMILY = "1,2";
			};
			name = Debug;
		};
		ADA7DFFF21FDCA2300FCF517 /* Release */ = {
			isa = XCBuildConfiguration;
			baseConfigurationReference = B25589325C09F7FE06F8A258 /* Pods-StretchHeaderController.release.xcconfig */;
			buildSettings = {
				ASSETCATALOG_COMPILER_APPICON_NAME = AppIcon;
				CODE_SIGN_STYLE = Automatic;
				DEVELOPMENT_TEAM = U6L6476C2Z;
				INFOPLIST_FILE = StretchHeaderController/Info.plist;
				LD_RUNPATH_SEARCH_PATHS = (
					"$(inherited)",
					"@executable_path/Frameworks",
				);
				PRODUCT_BUNDLE_IDENTIFIER = adasdsadasdasd.StretchHeaderController;
				PRODUCT_NAME = "$(TARGET_NAME)";
				SWIFT_VERSION = 4.2;
				TARGETED_DEVICE_FAMILY = "1,2";
			};
			name = Release;
		};
/* End XCBuildConfiguration section */

/* Begin XCConfigurationList section */
		ADA7DFE621FDCA2200FCF517 /* Build configuration list for PBXProject "StretchHeaderController" */ = {
			isa = XCConfigurationList;
			buildConfigurations = (
				ADA7DFFB21FDCA2300FCF517 /* Debug */,
				ADA7DFFC21FDCA2300FCF517 /* Release */,
			);
			defaultConfigurationIsVisible = 0;
			defaultConfigurationName = Release;
		};
		ADA7DFFD21FDCA2300FCF517 /* Build configuration list for PBXNativeTarget "StretchHeaderController" */ = {
			isa = XCConfigurationList;
			buildConfigurations = (
				ADA7DFFE21FDCA2300FCF517 /* Debug */,
				ADA7DFFF21FDCA2300FCF517 /* Release */,
			);
			defaultConfigurationIsVisible = 0;
			defaultConfigurationName = Release;
		};
/* End XCConfigurationList section */
	};
	rootObject = ADA7DFE321FDCA2200FCF517 /* Project object */;
}
