// !$*UTF8*$!
{
	archiveVersion = 1;
	classes = {
	};
	objectVersion = 50;
	objects = {

/* Begin PBXBuildFile section */
		AD1B046C2198F73100E1DE90 /* AppDelegate.swift in Sources */ = {isa = PBXBuildFile; fileRef = AD1B046B2198F73100E1DE90 /* AppDelegate.swift */; };
		AD1B046E2198F73100E1DE90 /* ViewController.swift in Sources */ = {isa = PBXBuildFile; fileRef = AD1B046D2198F73100E1DE90 /* ViewController.swift */; };
		AD1B04712198F73100E1DE90 /* Main.storyboard in Resources */ = {isa = PBXBuildFile; fileRef = AD1B046F2198F73100E1DE90 /* Main.storyboard */; };
		AD1B04732198F73100E1DE90 /* Assets.xcassets in Resources */ = {isa = PBXBuildFile; fileRef = AD1B04722198F73100E1DE90 /* Assets.xcassets */; };
		AD1B04762198F73100E1DE90 /* LaunchScreen.storyboard in Resources */ = {isa = PBXBuildFile; fileRef = AD1B04742198F73100E1DE90 /* LaunchScreen.storyboard */; };
		AD1B047E2198F75D00E1DE90 /* CountingLabel.swift in Sources */ = {isa = PBXBuildFile; fileRef = AD1B047D2198F75D00E1DE90 /* CountingLabel.swift */; };
		AD1B04802198FBBE00E1DE90 /* StateStackView.swift in Sources */ = {isa = PBXBuildFile; fileRef = AD1B047F2198FBBE00E1DE90 /* StateStackView.swift */; };
/* End PBXBuildFile section */

/* Begin PBXFileReference section */
		AD1B04682198F73100E1DE90 /* CADisplayLink.app */ = {isa = PBXFileReference; explicitFileType = wrapper.application; includeInIndex = 0; path = CADisplayLink.app; sourceTree = BUILT_PRODUCTS_DIR; };
		AD1B046B2198F73100E1DE90 /* AppDelegate.swift */ = {isa = PBXFileReference; lastKnownFileType = sourcecode.swift; path = AppDelegate.swift; sourceTree = "<group>"; };
		AD1B046D2198F73100E1DE90 /* ViewController.swift */ = {isa = PBXFileReference; lastKnownFileType = sourcecode.swift; path = ViewController.swift; sourceTree = "<group>"; };
		AD1B04702198F73100E1DE90 /* Base */ = {isa = PBXFileReference; lastKnownFileType = file.storyboard; name = Base; path = Base.lproj/Main.storyboard; sourceTree = "<group>"; };
		AD1B04722198F73100E1DE90 /* Assets.xcassets */ = {isa = PBXFileReference; lastKnownFileType = folder.assetcatalog; path = Assets.xcassets; sourceTree = "<group>"; };
		AD1B04752198F73100E1DE90 /* Base */ = {isa = PBXFileReference; lastKnownFileType = file.storyboard; name = Base; path = Base.lproj/LaunchScreen.storyboard; sourceTree = "<group>"; };
		AD1B04772198F73100E1DE90 /* Info.plist */ = {isa = PBXFileReference; lastKnownFileType = text.plist.xml; path = Info.plist; sourceTree = "<group>"; };
		AD1B047D2198F75D00E1DE90 /* CountingLabel.swift */ = {isa = PBXFileReference; lastKnownFileType = sourcecode.swift; path = CountingLabel.swift; sourceTree = "<group>"; };
		AD1B047F2198FBBE00E1DE90 /* StateStackView.swift */ = {isa = PBXFileReference; lastKnownFileType = sourcecode.swift; path = StateStackView.swift; sourceTree = "<group>"; };
/* End PBXFileReference section */

/* Begin PBXFrameworksBuildPhase section */
		AD1B04652198F73100E1DE90 /* Frameworks */ = {
			isa = PBXFrameworksBuildPhase;
			buildActionMask = 2147483647;
			files = (
			);
			runOnlyForDeploymentPostprocessing = 0;
		};
/* End PBXFrameworksBuildPhase section */

/* Begin PBXGroup section */
		AD1B045F2198F73100E1DE90 = {
			isa = PBXGroup;
			children = (
				AD1B046A2198F73100E1DE90 /* CADisplayLink */,
				AD1B04692198F73100E1DE90 /* Products */,
			);
			sourceTree = "<group>";
		};
		AD1B04692198F73100E1DE90 /* Products */ = {
			isa = PBXGroup;
			children = (
				AD1B04682198F73100E1DE90 /* CADisplayLink.app */,
			);
			name = Products;
			sourceTree = "<group>";
		};
		AD1B046A2198F73100E1DE90 /* CADisplayLink */ = {
			isa = PBXGroup;
			children = (
				AD1B046B2198F73100E1DE90 /* AppDelegate.swift */,
				AD1B046D2198F73100E1DE90 /* ViewController.swift */,
				AD1B046F2198F73100E1DE90 /* Main.storyboard */,
				AD1B04722198F73100E1DE90 /* Assets.xcassets */,
				AD1B04742198F73100E1DE90 /* LaunchScreen.storyboard */,
				AD1B04772198F73100E1DE90 /* Info.plist */,
				AD1B047D2198F75D00E1DE90 /* CountingLabel.swift */,
				AD1B047F2198FBBE00E1DE90 /* StateStackView.swift */,
			);
			path = CADisplayLink;
			sourceTree = "<group>";
		};
/* End PBXGroup section */

/* Begin PBXNativeTarget section */
		AD1B04672198F73100E1DE90 /* CADisplayLink */ = {
			isa = PBXNativeTarget;
			buildConfigurationList = AD1B047A2198F73100E1DE90 /* Build configuration list for PBXNativeTarget "CADisplayLink" */;
			buildPhases = (
				AD1B04642198F73100E1DE90 /* Sources */,
				AD1B04652198F73100E1DE90 /* Frameworks */,
				AD1B04662198F73100E1DE90 /* Resources */,
			);
			buildRules = (
			);
			dependencies = (
			);
			name = CADisplayLink;
			productName = CADisplayLink;
			productReference = AD1B04682198F73100E1DE90 /* CADisplayLink.app */;
			productType = "com.apple.product-type.application";
		};
/* End PBXNativeTarget section */

/* Begin PBXProject section */
		AD1B04602198F73100E1DE90 /* Project object */ = {
			isa = PBXProject;
			attributes = {
				LastSwiftUpdateCheck = 1010;
				LastUpgradeCheck = 1010;
				ORGANIZATIONNAME = "성용강";
				TargetAttributes = {
					AD1B04672198F73100E1DE90 = {
						CreatedOnToolsVersion = 10.1;
					};
				};
			};
			buildConfigurationList = AD1B04632198F73100E1DE90 /* Build configuration list for PBXProject "CADisplayLink" */;
			compatibilityVersion = "Xcode 9.3";
			developmentRegion = en;
			hasScannedForEncodings = 0;
			knownRegions = (
				en,
				Base,
			);
			mainGroup = AD1B045F2198F73100E1DE90;
			productRefGroup = AD1B04692198F73100E1DE90 /* Products */;
			projectDirPath = "";
			projectRoot = "";
			targets = (
				AD1B04672198F73100E1DE90 /* CADisplayLink */,
			);
		};
/* End PBXProject section */

/* Begin PBXResourcesBuildPhase section */
		AD1B04662198F73100E1DE90 /* Resources */ = {
			isa = PBXResourcesBuildPhase;
			buildActionMask = 2147483647;
			files = (
				AD1B04762198F73100E1DE90 /* LaunchScreen.storyboard in Resources */,
				AD1B04732198F73100E1DE90 /* Assets.xcassets in Resources */,
				AD1B04712198F73100E1DE90 /* Main.storyboard in Resources */,
			);
			runOnlyForDeploymentPostprocessing = 0;
		};
/* End PBXResourcesBuildPhase section */

/* Begin PBXSourcesBuildPhase section */
		AD1B04642198F73100E1DE90 /* Sources */ = {
			isa = PBXSourcesBuildPhase;
			buildActionMask = 2147483647;
			files = (
				AD1B046E2198F73100E1DE90 /* ViewController.swift in Sources */,
				AD1B04802198FBBE00E1DE90 /* StateStackView.swift in Sources */,
				AD1B047E2198F75D00E1DE90 /* CountingLabel.swift in Sources */,
				AD1B046C2198F73100E1DE90 /* AppDelegate.swift in Sources */,
			);
			runOnlyForDeploymentPostprocessing = 0;
		};
/* End PBXSourcesBuildPhase section */

/* Begin PBXVariantGroup section */
		AD1B046F2198F73100E1DE90 /* Main.storyboard */ = {
			isa = PBXVariantGroup;
			children = (
				AD1B04702198F73100E1DE90 /* Base */,
			);
			name = Main.storyboard;
			sourceTree = "<group>";
		};
		AD1B04742198F73100E1DE90 /* LaunchScreen.storyboard */ = {
			isa = PBXVariantGroup;
			children = (
				AD1B04752198F73100E1DE90 /* Base */,
			);
			name = LaunchScreen.storyboard;
			sourceTree = "<group>";
		};
/* End PBXVariantGroup section */

/* Begin XCBuildConfiguration section */
		AD1B04782198F73100E1DE90 /* Debug */ = {
			isa = XCBuildConfiguration;
			buildSettings = {
				ALWAYS_SEARCH_USER_PATHS = NO;
				CLANG_ANALYZER_NONNULL = YES;
				CLANG_ANALYZER_NUMBER_OBJECT_CONVERSION = YES_AGGRESSIVE;
				CLANG_CXX_LANGUAGE_STANDARD = "gnu++14";
				CLANG_CXX_LIBRARY = "libc++";
				CLANG_ENABLE_MODULES = YES;
				CLANG_ENABLE_OBJC_ARC = YES;
				CLANG_ENABLE_OBJC_WEAK = YES;
				CLANG_WARN_BLOCK_CAPTURE_AUTORELEASING = YES;
				CLANG_WARN_BOOL_CONVERSION = YES;
				CLANG_WARN_COMMA = YES;
				CLANG_WARN_CONSTANT_CONVERSION = YES;
				CLANG_WARN_DEPRECATED_OBJC_IMPLEMENTATIONS = YES;
				CLANG_WARN_DIRECT_OBJC_ISA_USAGE = YES_ERROR;
				CLANG_WARN_DOCUMENTATION_COMMENTS = YES;
				CLANG_WARN_EMPTY_BODY = YES;
				CLANG_WARN_ENUM_CONVERSION = YES;
				CLANG_WARN_INFINITE_RECURSION = YES;
				CLANG_WARN_INT_CONVERSION = YES;
				CLANG_WARN_NON_LITERAL_NULL_CONVERSION = YES;
				CLANG_WARN_OBJC_IMPLICIT_RETAIN_SELF = YES;
				CLANG_WARN_OBJC_LITERAL_CONVERSION = YES;
				CLANG_WARN_OBJC_ROOT_CLASS = YES_ERROR;
				CLANG_WARN_RANGE_LOOP_ANALYSIS = YES;
				CLANG_WARN_STRICT_PROTOTYPES = YES;
				CLANG_WARN_SUSPICIOUS_MOVE = YES;
				CLANG_WARN_UNGUARDED_AVAILABILITY = YES_AGGRESSIVE;
				CLANG_WARN_UNREACHABLE_CODE = YES;
				CLANG_WARN__DUPLICATE_METHOD_MATCH = YES;
				CODE_SIGN_IDENTITY = "iPhone Developer";
				COPY_PHASE_STRIP = NO;
				DEBUG_INFORMATION_FORMAT = dwarf;
				ENABLE_STRICT_OBJC_MSGSEND = YES;
				ENABLE_TESTABILITY = YES;
				GCC_C_LANGUAGE_STANDARD = gnu11;
				GCC_DYNAMIC_NO_PIC = NO;
				GCC_NO_COMMON_BLOCKS = YES;
				GCC_OPTIMIZATION_LEVEL = 0;
				GCC_PREPROCESSOR_DEFINITIONS = (
					"DEBUG=1",
					"$(inherited)",
				);
				GCC_WARN_64_TO_32_BIT_CONVERSION = YES;
				GCC_WARN_ABOUT_RETURN_TYPE = YES_ERROR;
				GCC_WARN_UNDECLARED_SELECTOR = YES;
				GCC_WARN_UNINITIALIZED_AUTOS = YES_AGGRESSIVE;
				GCC_WARN_UNUSED_FUNCTION = YES;
				GCC_WARN_UNUSED_VARIABLE = YES;
				IPHONEOS_DEPLOYMENT_TARGET = 12.1;
				MTL_ENABLE_DEBUG_INFO = INCLUDE_SOURCE;
				MTL_FAST_MATH = YES;
				ONLY_ACTIVE_ARCH = YES;
				SDKROOT = iphoneos;
				SWIFT_ACTIVE_COMPILATION_CONDITIONS = DEBUG;
				SWIFT_OPTIMIZATION_LEVEL = "-Onone";
			};
			name = Debug;
		};
		AD1B04792198F73100E1DE90 /* Release */ = {
			isa = XCBuildConfiguration;
			buildSettings = {
				ALWAYS_SEARCH_USER_PATHS = NO;
				CLANG_ANALYZER_NONNULL = YES;
				CLANG_ANALYZER_NUMBER_OBJECT_CONVERSION = YES_AGGRESSIVE;
				CLANG_CXX_LANGUAGE_STANDARD = "gnu++14";
				CLANG_CXX_LIBRARY = "libc++";
				CLANG_ENABLE_MODULES = YES;
				CLANG_ENABLE_OBJC_ARC = YES;
				CLANG_ENABLE_OBJC_WEAK = YES;
				CLANG_WARN_BLOCK_CAPTURE_AUTORELEASING = YES;
				CLANG_WARN_BOOL_CONVERSION = YES;
				CLANG_WARN_COMMA = YES;
				CLANG_WARN_CONSTANT_CONVERSION = YES;
				CLANG_WARN_DEPRECATED_OBJC_IMPLEMENTATIONS = YES;
				CLANG_WARN_DIRECT_OBJC_ISA_USAGE = YES_ERROR;
				CLANG_WARN_DOCUMENTATION_COMMENTS = YES;
				CLANG_WARN_EMPTY_BODY = YES;
				CLANG_WARN_ENUM_CONVERSION = YES;
				CLANG_WARN_INFINITE_RECURSION = YES;
				CLANG_WARN_INT_CONVERSION = YES;
				CLANG_WARN_NON_LITERAL_NULL_CONVERSION = YES;
				CLANG_WARN_OBJC_IMPLICIT_RETAIN_SELF = YES;
				CLANG_WARN_OBJC_LITERAL_CONVERSION = YES;
				CLANG_WARN_OBJC_ROOT_CLASS = YES_ERROR;
				CLANG_WARN_RANGE_LOOP_ANALYSIS = YES;
				CLANG_WARN_STRICT_PROTOTYPES = YES;
				CLANG_WARN_SUSPICIOUS_MOVE = YES;
				CLANG_WARN_UNGUARDED_AVAILABILITY = YES_AGGRESSIVE;
				CLANG_WARN_UNREACHABLE_CODE = YES;
				CLANG_WARN__DUPLICATE_METHOD_MATCH = YES;
				CODE_SIGN_IDENTITY = "iPhone Developer";
				COPY_PHASE_STRIP = NO;
				DEBUG_INFORMATION_FORMAT = "dwarf-with-dsym";
				ENABLE_NS_ASSERTIONS = NO;
				ENABLE_STRICT_OBJC_MSGSEND = YES;
				GCC_C_LANGUAGE_STANDARD = gnu11;
				GCC_NO_COMMON_BLOCKS = YES;
				GCC_WARN_64_TO_32_BIT_CONVERSION = YES;
				GCC_WARN_ABOUT_RETURN_TYPE = YES_ERROR;
				GCC_WARN_UNDECLARED_SELECTOR = YES;
				GCC_WARN_UNINITIALIZED_AUTOS = YES_AGGRESSIVE;
				GCC_WARN_UNUSED_FUNCTION = YES;
				GCC_WARN_UNUSED_VARIABLE = YES;
				IPHONEOS_DEPLOYMENT_TARGET = 12.1;
				MTL_ENABLE_DEBUG_INFO = NO;
				MTL_FAST_MATH = YES;
				SDKROOT = iphoneos;
				SWIFT_COMPILATION_MODE = wholemodule;
				SWIFT_OPTIMIZATION_LEVEL = "-O";
				VALIDATE_PRODUCT = YES;
			};
			name = Release;
		};
		AD1B047B2198F73100E1DE90 /* Debug */ = {
			isa = XCBuildConfiguration;
			buildSettings = {
				ASSETCATALOG_COMPILER_APPICON_NAME = AppIcon;
				CODE_SIGN_STYLE = Automatic;
				DEVELOPMENT_TEAM = U6L6476C2Z;
				INFOPLIST_FILE = CADisplayLink/Info.plist;
				LD_RUNPATH_SEARCH_PATHS = (
					"$(inherited)",
					"@executable_path/Frameworks",
				);
				PRODUCT_BUNDLE_IDENTIFIER = adasdsadasdasd.CADisplayLink;
				PRODUCT_NAME = "$(TARGET_NAME)";
				SWIFT_VERSION = 4.2;
				TARGETED_DEVICE_FAMILY = "1,2";
			};
			name = Debug;
		};
		AD1B047C2198F73100E1DE90 /* Release */ = {
			isa = XCBuildConfiguration;
			buildSettings = {
				ASSETCATALOG_COMPILER_APPICON_NAME = AppIcon;
				CODE_SIGN_STYLE = Automatic;
				DEVELOPMENT_TEAM = U6L6476C2Z;
				INFOPLIST_FILE = CADisplayLink/Info.plist;
				LD_RUNPATH_SEARCH_PATHS = (
					"$(inherited)",
					"@executable_path/Frameworks",
				);
				PRODUCT_BUNDLE_IDENTIFIER = adasdsadasdasd.CADisplayLink;
				PRODUCT_NAME = "$(TARGET_NAME)";
				SWIFT_VERSION = 4.2;
				TARGETED_DEVICE_FAMILY = "1,2";
			};
			name = Release;
		};
/* End XCBuildConfiguration section */

/* Begin XCConfigurationList section */
		AD1B04632198F73100E1DE90 /* Build configuration list for PBXProject "CADisplayLink" */ = {
			isa = XCConfigurationList;
			buildConfigurations = (
				AD1B04782198F73100E1DE90 /* Debug */,
				AD1B04792198F73100E1DE90 /* Release */,
			);
			defaultConfigurationIsVisible = 0;
			defaultConfigurationName = Release;
		};
		AD1B047A2198F73100E1DE90 /* Build configuration list for PBXNativeTarget "CADisplayLink" */ = {
			isa = XCConfigurationList;
			buildConfigurations = (
				AD1B047B2198F73100E1DE90 /* Debug */,
				AD1B047C2198F73100E1DE90 /* Release */,
			);
			defaultConfigurationIsVisible = 0;
			defaultConfigurationName = Release;
		};
/* End XCConfigurationList section */
	};
	rootObject = AD1B04602198F73100E1DE90 /* Project object */;
}
